// !$*UTF8*$!
{
	archiveVersion = 1;
	classes = {
	};
	objectVersion = 56;
	objects = {

/* Begin PBXBuildFile section */
		74612F7529828D530077B805 /* MultitouchDemoApp.swift in Sources */ = {isa = PBXBuildFile; fileRef = 74612F7429828D530077B805 /* MultitouchDemoApp.swift */; };
		74612F7729828D530077B805 /* ContentView.swift in Sources */ = {isa = PBXBuildFile; fileRef = 74612F7629828D530077B805 /* ContentView.swift */; };
		74612F7929828D540077B805 /* Assets.xcassets in Resources */ = {isa = PBXBuildFile; fileRef = 74612F7829828D540077B805 /* Assets.xcassets */; };
		74612F7C29828D540077B805 /* Preview Assets.xcassets in Resources */ = {isa = PBXBuildFile; fileRef = 74612F7B29828D540077B805 /* Preview Assets.xcassets */; };
		74612F9F29828E550077B805 /* TouchableView.swift in Sources */ = {isa = PBXBuildFile; fileRef = 74612F9E29828E550077B805 /* TouchableView.swift */; };
		74612FA129828F180077B805 /* TouchSpotView.swift in Sources */ = {isa = PBXBuildFile; fileRef = 74612FA029828F180077B805 /* TouchSpotView.swift */; };
		74612FA3298290E30077B805 /* TouchView.swift in Sources */ = {isa = PBXBuildFile; fileRef = 74612FA2298290E30077B805 /* TouchView.swift */; };
/* End PBXBuildFile section */

/* Begin PBXContainerItemProxy section */
		74612F8229828D540077B805 /* PBXContainerItemProxy */ = {
			isa = PBXContainerItemProxy;
			containerPortal = 74612F6929828D530077B805 /* Project object */;
			proxyType = 1;
			remoteGlobalIDString = 74612F7029828D530077B805;
			remoteInfo = multitouch.demo;
		};
		74612F8C29828D540077B805 /* PBXContainerItemProxy */ = {
			isa = PBXContainerItemProxy;
			containerPortal = 74612F6929828D530077B805 /* Project object */;
			proxyType = 1;
			remoteGlobalIDString = 74612F7029828D530077B805;
			remoteInfo = multitouch.demo;
		};
/* End PBXContainerItemProxy section */

/* Begin PBXFileReference section */
		74612F7129828D530077B805 /* MultitouchDemo.app */ = {isa = PBXFileReference; explicitFileType = wrapper.application; includeInIndex = 0; path = MultitouchDemo.app; sourceTree = BUILT_PRODUCTS_DIR; };
		74612F7429828D530077B805 /* MultitouchDemoApp.swift */ = {isa = PBXFileReference; lastKnownFileType = sourcecode.swift; path = MultitouchDemoApp.swift; sourceTree = "<group>"; };
		74612F7629828D530077B805 /* ContentView.swift */ = {isa = PBXFileReference; lastKnownFileType = sourcecode.swift; path = ContentView.swift; sourceTree = "<group>"; };
		74612F7829828D540077B805 /* Assets.xcassets */ = {isa = PBXFileReference; lastKnownFileType = folder.assetcatalog; path = Assets.xcassets; sourceTree = "<group>"; };
		74612F7B29828D540077B805 /* Preview Assets.xcassets */ = {isa = PBXFileReference; lastKnownFileType = folder.assetcatalog; path = "Preview Assets.xcassets"; sourceTree = "<group>"; };
		74612F8129828D540077B805 /* MultitouchDemoTests.xctest */ = {isa = PBXFileReference; explicitFileType = wrapper.cfbundle; includeInIndex = 0; path = MultitouchDemoTests.xctest; sourceTree = BUILT_PRODUCTS_DIR; };
		74612F8B29828D540077B805 /* MultitouchDemoUITests.xctest */ = {isa = PBXFileReference; explicitFileType = wrapper.cfbundle; includeInIndex = 0; path = MultitouchDemoUITests.xctest; sourceTree = BUILT_PRODUCTS_DIR; };
		74612F9E29828E550077B805 /* TouchableView.swift */ = {isa = PBXFileReference; lastKnownFileType = sourcecode.swift; path = TouchableView.swift; sourceTree = "<group>"; };
		74612FA029828F180077B805 /* TouchSpotView.swift */ = {isa = PBXFileReference; lastKnownFileType = sourcecode.swift; path = TouchSpotView.swift; sourceTree = "<group>"; };
		74612FA2298290E30077B805 /* TouchView.swift */ = {isa = PBXFileReference; lastKnownFileType = sourcecode.swift; path = TouchView.swift; sourceTree = "<group>"; };
/* End PBXFileReference section */

/* Begin PBXFrameworksBuildPhase section */
		74612F6E29828D530077B805 /* Frameworks */ = {
			isa = PBXFrameworksBuildPhase;
			buildActionMask = 2147483647;
			files = (
			);
			runOnlyForDeploymentPostprocessing = 0;
		};
		74612F7E29828D540077B805 /* Frameworks */ = {
			isa = PBXFrameworksBuildPhase;
			buildActionMask = 2147483647;
			files = (
			);
			runOnlyForDeploymentPostprocessing = 0;
		};
		74612F8829828D540077B805 /* Frameworks */ = {
			isa = PBXFrameworksBuildPhase;
			buildActionMask = 2147483647;
			files = (
			);
			runOnlyForDeploymentPostprocessing = 0;
		};
/* End PBXFrameworksBuildPhase section */

/* Begin PBXGroup section */
		74612F6829828D530077B805 = {
			isa = PBXGroup;
			children = (
				74612F7329828D530077B805 /* multitouch-demo */,
				74612F7229828D530077B805 /* Products */,
			);
			sourceTree = "<group>";
		};
		74612F7229828D530077B805 /* Products */ = {
			isa = PBXGroup;
			children = (
				74612F7129828D530077B805 /* MultitouchDemo.app */,
				74612F8129828D540077B805 /* MultitouchDemoTests.xctest */,
				74612F8B29828D540077B805 /* MultitouchDemoUITests.xctest */,
			);
			name = Products;
			sourceTree = "<group>";
		};
		74612F7329828D530077B805 /* multitouch-demo */ = {
			isa = PBXGroup;
			children = (
				74612F7429828D530077B805 /* MultitouchDemoApp.swift */,
				74612F7629828D530077B805 /* ContentView.swift */,
				74612F7829828D540077B805 /* Assets.xcassets */,
				74612F7A29828D540077B805 /* Preview Content */,
				74612F9E29828E550077B805 /* TouchableView.swift */,
				74612FA029828F180077B805 /* TouchSpotView.swift */,
				74612FA2298290E30077B805 /* TouchView.swift */,
			);
			path = "multitouch-demo";
			sourceTree = "<group>";
		};
		74612F7A29828D540077B805 /* Preview Content */ = {
			isa = PBXGroup;
			children = (
				74612F7B29828D540077B805 /* Preview Assets.xcassets */,
			);
			path = "Preview Content";
			sourceTree = "<group>";
		};
/* End PBXGroup section */

/* Begin PBXNativeTarget section */
		74612F7029828D530077B805 /* MultitouchDemo */ = {
			isa = PBXNativeTarget;
			buildConfigurationList = 74612F9529828D540077B805 /* Build configuration list for PBXNativeTarget "MultitouchDemo" */;
			buildPhases = (
				74612F6D29828D530077B805 /* Sources */,
				74612F6E29828D530077B805 /* Frameworks */,
				74612F6F29828D530077B805 /* Resources */,
			);
			buildRules = (
			);
			dependencies = (
			);
			name = MultitouchDemo;
			productName = multitouch.demo;
			productReference = 74612F7129828D530077B805 /* MultitouchDemo.app */;
			productType = "com.apple.product-type.application";
		};
		74612F8029828D540077B805 /* MultitouchDemoTests */ = {
			isa = PBXNativeTarget;
			buildConfigurationList = 74612F9829828D540077B805 /* Build configuration list for PBXNativeTarget "MultitouchDemoTests" */;
			buildPhases = (
				74612F7D29828D540077B805 /* Sources */,
				74612F7E29828D540077B805 /* Frameworks */,
				74612F7F29828D540077B805 /* Resources */,
			);
			buildRules = (
			);
			dependencies = (
				74612F8329828D540077B805 /* PBXTargetDependency */,
			);
			name = MultitouchDemoTests;
			productName = multitouch.demoTests;
			productReference = 74612F8129828D540077B805 /* MultitouchDemoTests.xctest */;
			productType = "com.apple.product-type.bundle.unit-test";
		};
		74612F8A29828D540077B805 /* MultitouchDemoUITests */ = {
			isa = PBXNativeTarget;
			buildConfigurationList = 74612F9B29828D540077B805 /* Build configuration list for PBXNativeTarget "MultitouchDemoUITests" */;
			buildPhases = (
				74612F8729828D540077B805 /* Sources */,
				74612F8829828D540077B805 /* Frameworks */,
				74612F8929828D540077B805 /* Resources */,
			);
			buildRules = (
			);
			dependencies = (
				74612F8D29828D540077B805 /* PBXTargetDependency */,
			);
			name = MultitouchDemoUITests;
			productName = multitouch.demoUITests;
			productReference = 74612F8B29828D540077B805 /* MultitouchDemoUITests.xctest */;
			productType = "com.apple.product-type.bundle.ui-testing";
		};
/* End PBXNativeTarget section */

/* Begin PBXProject section */
		74612F6929828D530077B805 /* Project object */ = {
			isa = PBXProject;
			attributes = {
				BuildIndependentTargetsInParallel = 1;
				LastSwiftUpdateCheck = 1410;
				LastUpgradeCheck = 1410;
				TargetAttributes = {
					74612F7029828D530077B805 = {
						CreatedOnToolsVersion = 14.1;
					};
					74612F8029828D540077B805 = {
						CreatedOnToolsVersion = 14.1;
						TestTargetID = 74612F7029828D530077B805;
					};
					74612F8A29828D540077B805 = {
						CreatedOnToolsVersion = 14.1;
						TestTargetID = 74612F7029828D530077B805;
					};
				};
			};
			buildConfigurationList = 74612F6C29828D530077B805 /* Build configuration list for PBXProject "MultitouchDemo" */;
			compatibilityVersion = "Xcode 14.0";
			developmentRegion = en;
			hasScannedForEncodings = 0;
			knownRegions = (
				en,
				Base,
			);
			mainGroup = 74612F6829828D530077B805;
			productRefGroup = 74612F7229828D530077B805 /* Products */;
			projectDirPath = "";
			projectRoot = "";
			targets = (
				74612F7029828D530077B805 /* MultitouchDemo */,
				74612F8029828D540077B805 /* MultitouchDemoTests */,
				74612F8A29828D540077B805 /* MultitouchDemoUITests */,
			);
		};
/* End PBXProject section */

/* Begin PBXResourcesBuildPhase section */
		74612F6F29828D530077B805 /* Resources */ = {
			isa = PBXResourcesBuildPhase;
			buildActionMask = 2147483647;
			files = (
				74612F7C29828D540077B805 /* Preview Assets.xcassets in Resources */,
				74612F7929828D540077B805 /* Assets.xcassets in Resources */,
			);
			runOnlyForDeploymentPostprocessing = 0;
		};
		74612F7F29828D540077B805 /* Resources */ = {
			isa = PBXResourcesBuildPhase;
			buildActionMask = 2147483647;
			files = (
			);
			runOnlyForDeploymentPostprocessing = 0;
		};
		74612F8929828D540077B805 /* Resources */ = {
			isa = PBXResourcesBuildPhase;
			buildActionMask = 2147483647;
			files = (
			);
			runOnlyForDeploymentPostprocessing = 0;
		};
/* End PBXResourcesBuildPhase section */

/* Begin PBXSourcesBuildPhase section */
		74612F6D29828D530077B805 /* Sources */ = {
			isa = PBXSourcesBuildPhase;
			buildActionMask = 2147483647;
			files = (
				74612F9F29828E550077B805 /* TouchableView.swift in Sources */,
				74612FA3298290E30077B805 /* TouchView.swift in Sources */,
				74612F7729828D530077B805 /* ContentView.swift in Sources */,
				74612FA129828F180077B805 /* TouchSpotView.swift in Sources */,
				74612F7529828D530077B805 /* MultitouchDemoApp.swift in Sources */,
			);
			runOnlyForDeploymentPostprocessing = 0;
		};
		74612F7D29828D540077B805 /* Sources */ = {
			isa = PBXSourcesBuildPhase;
			buildActionMask = 2147483647;
			files = (
			);
			runOnlyForDeploymentPostprocessing = 0;
		};
		74612F8729828D540077B805 /* Sources */ = {
			isa = PBXSourcesBuildPhase;
			buildActionMask = 2147483647;
			files = (
			);
			runOnlyForDeploymentPostprocessing = 0;
		};
/* End PBXSourcesBuildPhase section */

/* Begin PBXTargetDependency section */
		74612F8329828D540077B805 /* PBXTargetDependency */ = {
			isa = PBXTargetDependency;
			target = 74612F7029828D530077B805 /* MultitouchDemo */;
			targetProxy = 74612F8229828D540077B805 /* PBXContainerItemProxy */;
		};
		74612F8D29828D540077B805 /* PBXTargetDependency */ = {
			isa = PBXTargetDependency;
			target = 74612F7029828D530077B805 /* MultitouchDemo */;
			targetProxy = 74612F8C29828D540077B805 /* PBXContainerItemProxy */;
		};
/* End PBXTargetDependency section */

/* Begin XCBuildConfiguration section */
		74612F9329828D540077B805 /* Debug */ = {
			isa = XCBuildConfiguration;
			buildSettings = {
				ALWAYS_SEARCH_USER_PATHS = NO;
				CLANG_ANALYZER_NONNULL = YES;
				CLANG_ANALYZER_NUMBER_OBJECT_CONVERSION = YES_AGGRESSIVE;
				CLANG_CXX_LANGUAGE_STANDARD = "gnu++20";
				CLANG_ENABLE_MODULES = YES;
				CLANG_ENABLE_OBJC_ARC = YES;
				CLANG_ENABLE_OBJC_WEAK = YES;
				CLANG_WARN_BLOCK_CAPTURE_AUTORELEASING = YES;
				CLANG_WARN_BOOL_CONVERSION = YES;
				CLANG_WARN_COMMA = YES;
				CLANG_WARN_CONSTANT_CONVERSION = YES;
				CLANG_WARN_DEPRECATED_OBJC_IMPLEMENTATIONS = YES;
				CLANG_WARN_DIRECT_OBJC_ISA_USAGE = YES_ERROR;
				CLANG_WARN_DOCUMENTATION_COMMENTS = YES;
				CLANG_WARN_EMPTY_BODY = YES;
				CLANG_WARN_ENUM_CONVERSION = YES;
				CLANG_WARN_INFINITE_RECURSION = YES;
				CLANG_WARN_INT_CONVERSION = YES;
				CLANG_WARN_NON_LITERAL_NULL_CONVERSION = YES;
				CLANG_WARN_OBJC_IMPLICIT_RETAIN_SELF = YES;
				CLANG_WARN_OBJC_LITERAL_CONVERSION = YES;
				CLANG_WARN_OBJC_ROOT_CLASS = YES_ERROR;
				CLANG_WARN_QUOTED_INCLUDE_IN_FRAMEWORK_HEADER = YES;
				CLANG_WARN_RANGE_LOOP_ANALYSIS = YES;
				CLANG_WARN_STRICT_PROTOTYPES = YES;
				CLANG_WARN_SUSPICIOUS_MOVE = YES;
				CLANG_WARN_UNGUARDED_AVAILABILITY = YES_AGGRESSIVE;
				CLANG_WARN_UNREACHABLE_CODE = YES;
				CLANG_WARN__DUPLICATE_METHOD_MATCH = YES;
				COPY_PHASE_STRIP = NO;
				DEBUG_INFORMATION_FORMAT = dwarf;
				ENABLE_STRICT_OBJC_MSGSEND = YES;
				ENABLE_TESTABILITY = YES;
				GCC_C_LANGUAGE_STANDARD = gnu11;
				GCC_DYNAMIC_NO_PIC = NO;
				GCC_NO_COMMON_BLOCKS = YES;
				GCC_OPTIMIZATION_LEVEL = 0;
				GCC_PREPROCESSOR_DEFINITIONS = (
					"DEBUG=1",
					"$(inherited)",
				);
				GCC_WARN_64_TO_32_BIT_CONVERSION = YES;
				GCC_WARN_ABOUT_RETURN_TYPE = YES_ERROR;
				GCC_WARN_UNDECLARED_SELECTOR = YES;
				GCC_WARN_UNINITIALIZED_AUTOS = YES_AGGRESSIVE;
				GCC_WARN_UNUSED_FUNCTION = YES;
				GCC_WARN_UNUSED_VARIABLE = YES;
				IPHONEOS_DEPLOYMENT_TARGET = 16.1;
				MTL_ENABLE_DEBUG_INFO = INCLUDE_SOURCE;
				MTL_FAST_MATH = YES;
				ONLY_ACTIVE_ARCH = YES;
				SDKROOT = iphoneos;
				SWIFT_ACTIVE_COMPILATION_CONDITIONS = DEBUG;
				SWIFT_OPTIMIZATION_LEVEL = "-Onone";
			};
			name = Debug;
		};
		74612F9429828D540077B805 /* Release */ = {
			isa = XCBuildConfiguration;
			buildSettings = {
				ALWAYS_SEARCH_USER_PATHS = NO;
				CLANG_ANALYZER_NONNULL = YES;
				CLANG_ANALYZER_NUMBER_OBJECT_CONVERSION = YES_AGGRESSIVE;
				CLANG_CXX_LANGUAGE_STANDARD = "gnu++20";
				CLANG_ENABLE_MODULES = YES;
				CLANG_ENABLE_OBJC_ARC = YES;
				CLANG_ENABLE_OBJC_WEAK = YES;
				CLANG_WARN_BLOCK_CAPTURE_AUTORELEASING = YES;
				CLANG_WARN_BOOL_CONVERSION = YES;
				CLANG_WARN_COMMA = YES;
				CLANG_WARN_CONSTANT_CONVERSION = YES;
				CLANG_WARN_DEPRECATED_OBJC_IMPLEMENTATIONS = YES;
				CLANG_WARN_DIRECT_OBJC_ISA_USAGE = YES_ERROR;
				CLANG_WARN_DOCUMENTATION_COMMENTS = YES;
				CLANG_WARN_EMPTY_BODY = YES;
				CLANG_WARN_ENUM_CONVERSION = YES;
				CLANG_WARN_INFINITE_RECURSION = YES;
				CLANG_WARN_INT_CONVERSION = YES;
				CLANG_WARN_NON_LITERAL_NULL_CONVERSION = YES;
				CLANG_WARN_OBJC_IMPLICIT_RETAIN_SELF = YES;
				CLANG_WARN_OBJC_LITERAL_CONVERSION = YES;
				CLANG_WARN_OBJC_ROOT_CLASS = YES_ERROR;
				CLANG_WARN_QUOTED_INCLUDE_IN_FRAMEWORK_HEADER = YES;
				CLANG_WARN_RANGE_LOOP_ANALYSIS = YES;
				CLANG_WARN_STRICT_PROTOTYPES = YES;
				CLANG_WARN_SUSPICIOUS_MOVE = YES;
				CLANG_WARN_UNGUARDED_AVAILABILITY = YES_AGGRESSIVE;
				CLANG_WARN_UNREACHABLE_CODE = YES;
				CLANG_WARN__DUPLICATE_METHOD_MATCH = YES;
				COPY_PHASE_STRIP = NO;
				DEBUG_INFORMATION_FORMAT = "dwarf-with-dsym";
				ENABLE_NS_ASSERTIONS = NO;
				ENABLE_STRICT_OBJC_MSGSEND = YES;
				GCC_C_LANGUAGE_STANDARD = gnu11;
				GCC_NO_COMMON_BLOCKS = YES;
				GCC_WARN_64_TO_32_BIT_CONVERSION = YES;
				GCC_WARN_ABOUT_RETURN_TYPE = YES_ERROR;
				GCC_WARN_UNDECLARED_SELECTOR = YES;
				GCC_WARN_UNINITIALIZED_AUTOS = YES_AGGRESSIVE;
				GCC_WARN_UNUSED_FUNCTION = YES;
				GCC_WARN_UNUSED_VARIABLE = YES;
				IPHONEOS_DEPLOYMENT_TARGET = 16.1;
				MTL_ENABLE_DEBUG_INFO = NO;
				MTL_FAST_MATH = YES;
				SDKROOT = iphoneos;
				SWIFT_COMPILATION_MODE = wholemodule;
				SWIFT_OPTIMIZATION_LEVEL = "-O";
				VALIDATE_PRODUCT = YES;
			};
			name = Release;
		};
		74612F9629828D540077B805 /* Debug */ = {
			isa = XCBuildConfiguration;
			buildSettings = {
				ASSETCATALOG_COMPILER_APPICON_NAME = AppIcon;
				ASSETCATALOG_COMPILER_GLOBAL_ACCENT_COLOR_NAME = AccentColor;
				CODE_SIGN_STYLE = Automatic;
				CURRENT_PROJECT_VERSION = 1;
				DEVELOPMENT_ASSET_PATHS = "\"multitouch-demo/Preview Content\"";
				DEVELOPMENT_TEAM = 6VZH5Z76YG;
				ENABLE_PREVIEWS = YES;
				GENERATE_INFOPLIST_FILE = YES;
				INFOPLIST_KEY_UIApplicationSceneManifest_Generation = YES;
				INFOPLIST_KEY_UIApplicationSupportsIndirectInputEvents = YES;
				INFOPLIST_KEY_UILaunchScreen_Generation = YES;
				INFOPLIST_KEY_UISupportedInterfaceOrientations_iPad = "UIInterfaceOrientationPortrait UIInterfaceOrientationPortraitUpsideDown UIInterfaceOrientationLandscapeLeft UIInterfaceOrientationLandscapeRight";
				INFOPLIST_KEY_UISupportedInterfaceOrientations_iPhone = "UIInterfaceOrientationPortrait UIInterfaceOrientationLandscapeLeft UIInterfaceOrientationLandscapeRight";
				IPHONEOS_DEPLOYMENT_TARGET = 15.1;
				LD_RUNPATH_SEARCH_PATHS = (
					"$(inherited)",
					"@executable_path/Frameworks",
				);
				MARKETING_VERSION = 1.0;
				PRODUCT_BUNDLE_IDENTIFIER = "com.chili.chen.multitouch-demo";
				PRODUCT_NAME = "$(TARGET_NAME)";
				SWIFT_EMIT_LOC_STRINGS = YES;
				SWIFT_VERSION = 5.0;
				TARGETED_DEVICE_FAMILY = "1,2";
			};
			name = Debug;
		};
		74612F9729828D540077B805 /* Release */ = {
			isa = XCBuildConfiguration;
			buildSettings = {
				ASSETCATALOG_COMPILER_APPICON_NAME = AppIcon;
				ASSETCATALOG_COMPILER_GLOBAL_ACCENT_COLOR_NAME = AccentColor;
				CODE_SIGN_STYLE = Automatic;
				CURRENT_PROJECT_VERSION = 1;
				DEVELOPMENT_ASSET_PATHS = "\"multitouch-demo/Preview Content\"";
				DEVELOPMENT_TEAM = 6VZH5Z76YG;
				ENABLE_PREVIEWS = YES;
				GENERATE_INFOPLIST_FILE = YES;
				INFOPLIST_KEY_UIApplicationSceneManifest_Generation = YES;
				INFOPLIST_KEY_UIApplicationSupportsIndirectInputEvents = YES;
				INFOPLIST_KEY_UILaunchScreen_Generation = YES;
				INFOPLIST_KEY_UISupportedInterfaceOrientations_iPad = "UIInterfaceOrientationPortrait UIInterfaceOrientationPortraitUpsideDown UIInterfaceOrientationLandscapeLeft UIInterfaceOrientationLandscapeRight";
				INFOPLIST_KEY_UISupportedInterfaceOrientations_iPhone = "UIInterfaceOrientationPortrait UIInterfaceOrientationLandscapeLeft UIInterfaceOrientationLandscapeRight";
				IPHONEOS_DEPLOYMENT_TARGET = 15.1;
				LD_RUNPATH_SEARCH_PATHS = (
					"$(inherited)",
					"@executable_path/Frameworks",
				);
				MARKETING_VERSION = 1.0;
				PRODUCT_BUNDLE_IDENTIFIER = "com.chili.chen.multitouch-demo";
				PRODUCT_NAME = "$(TARGET_NAME)";
				SWIFT_EMIT_LOC_STRINGS = YES;
				SWIFT_VERSION = 5.0;
				TARGETED_DEVICE_FAMILY = "1,2";
			};
			name = Release;
		};
		74612F9929828D540077B805 /* Debug */ = {
			isa = XCBuildConfiguration;
			buildSettings = {
				ALWAYS_EMBED_SWIFT_STANDARD_LIBRARIES = YES;
				BUNDLE_LOADER = "$(TEST_HOST)";
				CODE_SIGN_STYLE = Automatic;
				CURRENT_PROJECT_VERSION = 1;
				GENERATE_INFOPLIST_FILE = YES;
				IPHONEOS_DEPLOYMENT_TARGET = 16.1;
				MARKETING_VERSION = 1.0;
				PRODUCT_BUNDLE_IDENTIFIER = "com.chili.chen.multitouch-demoTests";
				PRODUCT_NAME = "$(TARGET_NAME)";
				SWIFT_EMIT_LOC_STRINGS = NO;
				SWIFT_VERSION = 5.0;
				TARGETED_DEVICE_FAMILY = "1,2";
				TEST_HOST = "$(BUILT_PRODUCTS_DIR)/MultitouchDemo.app/$(BUNDLE_EXECUTABLE_FOLDER_PATH)/MultitouchDemo";
			};
			name = Debug;
		};
		74612F9A29828D540077B805 /* Release */ = {
			isa = XCBuildConfiguration;
			buildSettings = {
				ALWAYS_EMBED_SWIFT_STANDARD_LIBRARIES = YES;
				BUNDLE_LOADER = "$(TEST_HOST)";
				CODE_SIGN_STYLE = Automatic;
				CURRENT_PROJECT_VERSION = 1;
				GENERATE_INFOPLIST_FILE = YES;
				IPHONEOS_DEPLOYMENT_TARGET = 16.1;
				MARKETING_VERSION = 1.0;
				PRODUCT_BUNDLE_IDENTIFIER = "com.chili.chen.multitouch-demoTests";
				PRODUCT_NAME = "$(TARGET_NAME)";
				SWIFT_EMIT_LOC_STRINGS = NO;
				SWIFT_VERSION = 5.0;
				TARGETED_DEVICE_FAMILY = "1,2";
				TEST_HOST = "$(BUILT_PRODUCTS_DIR)/MultitouchDemo.app/$(BUNDLE_EXECUTABLE_FOLDER_PATH)/MultitouchDemo";
			};
			name = Release;
		};
		74612F9C29828D540077B805 /* Debug */ = {
			isa = XCBuildConfiguration;
			buildSettings = {
				ALWAYS_EMBED_SWIFT_STANDARD_LIBRARIES = YES;
				CODE_SIGN_STYLE = Automatic;
				CURRENT_PROJECT_VERSION = 1;
				GENERATE_INFOPLIST_FILE = YES;
				MARKETING_VERSION = 1.0;
				PRODUCT_BUNDLE_IDENTIFIER = "com.chili.chen.multitouch-demoUITests";
				PRODUCT_NAME = "$(TARGET_NAME)";
				SWIFT_EMIT_LOC_STRINGS = NO;
				SWIFT_VERSION = 5.0;
				TARGETED_DEVICE_FAMILY = "1,2";
				TEST_TARGET_NAME = multitouch.demo;
			};
			name = Debug;
		};
		74612F9D29828D540077B805 /* Release */ = {
			isa = XCBuildConfiguration;
			buildSettings = {
				ALWAYS_EMBED_SWIFT_STANDARD_LIBRARIES = YES;
				CODE_SIGN_STYLE = Automatic;
				CURRENT_PROJECT_VERSION = 1;
				GENERATE_INFOPLIST_FILE = YES;
				MARKETING_VERSION = 1.0;
				PRODUCT_BUNDLE_IDENTIFIER = "com.chili.chen.multitouch-demoUITests";
				PRODUCT_NAME = "$(TARGET_NAME)";
				SWIFT_EMIT_LOC_STRINGS = NO;
				SWIFT_VERSION = 5.0;
				TARGETED_DEVICE_FAMILY = "1,2";
				TEST_TARGET_NAME = multitouch.demo;
			};
			name = Release;
		};
/* End XCBuildConfiguration section */

/* Begin XCConfigurationList section */
		74612F6C29828D530077B805 /* Build configuration list for PBXProject "MultitouchDemo" */ = {
			isa = XCConfigurationList;
			buildConfigurations = (
				74612F9329828D540077B805 /* Debug */,
				74612F9429828D540077B805 /* Release */,
			);
			defaultConfigurationIsVisible = 0;
			defaultConfigurationName = Release;
		};
		74612F9529828D540077B805 /* Build configuration list for PBXNativeTarget "MultitouchDemo" */ = {
			isa = XCConfigurationList;
			buildConfigurations = (
				74612F9629828D540077B805 /* Debug */,
				74612F9729828D540077B805 /* Release */,
			);
			defaultConfigurationIsVisible = 0;
			defaultConfigurationName = Release;
		};
		74612F9829828D540077B805 /* Build configuration list for PBXNativeTarget "MultitouchDemoTests" */ = {
			isa = XCConfigurationList;
			buildConfigurations = (
				74612F9929828D540077B805 /* Debug */,
				74612F9A29828D540077B805 /* Release */,
			);
			defaultConfigurationIsVisible = 0;
			defaultConfigurationName = Release;
		};
		74612F9B29828D540077B805 /* Build configuration list for PBXNativeTarget "MultitouchDemoUITests" */ = {
			isa = XCConfigurationList;
			buildConfigurations = (
				74612F9C29828D540077B805 /* Debug */,
				74612F9D29828D540077B805 /* Release */,
			);
			defaultConfigurationIsVisible = 0;
			defaultConfigurationName = Release;
		};
/* End XCConfigurationList section */
	};
	rootObject = 74612F6929828D530077B805 /* Project object */;
}
